
Microsoft Visual Studio Solution File, Format Version 12.00
# Visual Studio Version 16
VisualStudioVersion = 16.0.30114.105
MinimumVisualStudioVersion = 10.0.40219.1
Project("{FAE04EC0-301F-11D3-BF4B-00C04F79EFBC}") = "StringCalculatorKata", "StringCalculatorKata\StringCalculatorKata.csproj", "{756EE5F6-D7F0-428E-82AF-BD40B6F9D343}"
EndProject
Global
	GlobalSection(SolutionConfigurationPlatforms) = preSolution
		Debug|Any CPU = Debug|Any CPU
		Release|Any CPU = Release|Any CPU
	EndGlobalSection
	GlobalSection(ProjectConfigurationPlatforms) = postSolution
		{756EE5F6-D7F0-428E-82AF-BD40B6F9D343}.Debug|Any CPU.ActiveCfg = Debug|Any CPU
		{756EE5F6-D7F0-428E-82AF-BD40B6F9D343}.Debug|Any CPU.Build.0 = Debug|Any CPU
		{756EE5F6-D7F0-428E-82AF-BD40B6F9D343}.Release|Any CPU.ActiveCfg = Release|Any CPU
		{756EE5F6-D7F0-428E-82AF-BD40B6F9D343}.Release|Any CPU.Build.0 = Release|Any CPU
	EndGlobalSection
	GlobalSection(SolutionProperties) = preSolution
		HideSolutionNode = FALSE
	EndGlobalSection
	GlobalSection(ExtensibilityGlobals) = postSolution
		SolutionGuid = {E3723AAB-07C2-4311-BAFE-BAAB74B9431E}
	EndGlobalSection
EndGlobal
